// !$*UTF8*$!
{
	archiveVersion = 1;
	classes = {
	};
	objectVersion = 56;
	objects = {

/* Begin PBXBuildFile section */
		806B7EE12AFB624D0096AD19 /* SearchViewModel.swift in Sources */ = {isa = PBXBuildFile; fileRef = 806B7EE02AFB624D0096AD19 /* SearchViewModel.swift */; };
		806B7EE62AFB62B00096AD19 /* APIManager.swift in Sources */ = {isa = PBXBuildFile; fileRef = 806B7EE52AFB62B00096AD19 /* APIManager.swift */; };
		806B7EE92AFB63370096AD19 /* RxCocoa in Frameworks */ = {isa = PBXBuildFile; productRef = 806B7EE82AFB63370096AD19 /* RxCocoa */; };
		806B7EEB2AFB63370096AD19 /* RxSwift in Frameworks */ = {isa = PBXBuildFile; productRef = 806B7EEA2AFB63370096AD19 /* RxSwift */; };
		806B7EEE2AFB63610096AD19 /* SnapKit in Frameworks */ = {isa = PBXBuildFile; productRef = 806B7EED2AFB63610096AD19 /* SnapKit */; };
		806B7EF12AFB63F20096AD19 /* Differentiator in Frameworks */ = {isa = PBXBuildFile; productRef = 806B7EF02AFB63F20096AD19 /* Differentiator */; };
		806B7EF32AFB63F20096AD19 /* RxDataSources in Frameworks */ = {isa = PBXBuildFile; productRef = 806B7EF22AFB63F20096AD19 /* RxDataSources */; };
		80E717112AFB5818001AFC24 /* AppDelegate.swift in Sources */ = {isa = PBXBuildFile; fileRef = 80E717102AFB5818001AFC24 /* AppDelegate.swift */; };
		80E717132AFB5818001AFC24 /* SceneDelegate.swift in Sources */ = {isa = PBXBuildFile; fileRef = 80E717122AFB5818001AFC24 /* SceneDelegate.swift */; };
		80E717152AFB5818001AFC24 /* SearchViewController.swift in Sources */ = {isa = PBXBuildFile; fileRef = 80E717142AFB5818001AFC24 /* SearchViewController.swift */; };
		80E7171A2AFB5819001AFC24 /* Assets.xcassets in Resources */ = {isa = PBXBuildFile; fileRef = 80E717192AFB5819001AFC24 /* Assets.xcassets */; };
		80E7171D2AFB5819001AFC24 /* LaunchScreen.storyboard in Resources */ = {isa = PBXBuildFile; fileRef = 80E7171B2AFB5819001AFC24 /* LaunchScreen.storyboard */; };
/* End PBXBuildFile section */

/* Begin PBXFileReference section */
		806B7EE02AFB624D0096AD19 /* SearchViewModel.swift */ = {isa = PBXFileReference; lastKnownFileType = sourcecode.swift; path = SearchViewModel.swift; sourceTree = "<group>"; };
		806B7EE52AFB62B00096AD19 /* APIManager.swift */ = {isa = PBXFileReference; lastKnownFileType = sourcecode.swift; path = APIManager.swift; sourceTree = "<group>"; };
		80E7170D2AFB5818001AFC24 /* iTunesSearchAPIRx.app */ = {isa = PBXFileReference; explicitFileType = wrapper.application; includeInIndex = 0; path = iTunesSearchAPIRx.app; sourceTree = BUILT_PRODUCTS_DIR; };
		80E717102AFB5818001AFC24 /* AppDelegate.swift */ = {isa = PBXFileReference; lastKnownFileType = sourcecode.swift; path = AppDelegate.swift; sourceTree = "<group>"; };
		80E717122AFB5818001AFC24 /* SceneDelegate.swift */ = {isa = PBXFileReference; lastKnownFileType = sourcecode.swift; path = SceneDelegate.swift; sourceTree = "<group>"; };
		80E717142AFB5818001AFC24 /* SearchViewController.swift */ = {isa = PBXFileReference; lastKnownFileType = sourcecode.swift; path = SearchViewController.swift; sourceTree = "<group>"; };
		80E717192AFB5819001AFC24 /* Assets.xcassets */ = {isa = PBXFileReference; lastKnownFileType = folder.assetcatalog; path = Assets.xcassets; sourceTree = "<group>"; };
		80E7171C2AFB5819001AFC24 /* Base */ = {isa = PBXFileReference; lastKnownFileType = file.storyboard; name = Base; path = Base.lproj/LaunchScreen.storyboard; sourceTree = "<group>"; };
		80E7171E2AFB5819001AFC24 /* Info.plist */ = {isa = PBXFileReference; lastKnownFileType = text.plist.xml; path = Info.plist; sourceTree = "<group>"; };
/* End PBXFileReference section */

/* Begin PBXFrameworksBuildPhase section */
		80E7170A2AFB5818001AFC24 /* Frameworks */ = {
			isa = PBXFrameworksBuildPhase;
			buildActionMask = 2147483647;
			files = (
				806B7EF12AFB63F20096AD19 /* Differentiator in Frameworks */,
				806B7EEE2AFB63610096AD19 /* SnapKit in Frameworks */,
				806B7EEB2AFB63370096AD19 /* RxSwift in Frameworks */,
				806B7EF32AFB63F20096AD19 /* RxDataSources in Frameworks */,
				806B7EE92AFB63370096AD19 /* RxCocoa in Frameworks */,
			);
			runOnlyForDeploymentPostprocessing = 0;
		};
/* End PBXFrameworksBuildPhase section */

/* Begin PBXGroup section */
		806B7EE22AFB625C0096AD19 /* ViewModels */ = {
			isa = PBXGroup;
			children = (
				806B7EE02AFB624D0096AD19 /* SearchViewModel.swift */,
			);
			path = ViewModels;
			sourceTree = "<group>";
		};
		806B7EE32AFB62670096AD19 /* ViewControllers */ = {
			isa = PBXGroup;
			children = (
				80E717142AFB5818001AFC24 /* SearchViewController.swift */,
			);
			path = ViewControllers;
			sourceTree = "<group>";
		};
		806B7EE42AFB62750096AD19 /* Network */ = {
			isa = PBXGroup;
			children = (
				806B7EE52AFB62B00096AD19 /* APIManager.swift */,
			);
			path = Network;
			sourceTree = "<group>";
		};
		80E717042AFB5818001AFC24 = {
			isa = PBXGroup;
			children = (
				80E7170F2AFB5818001AFC24 /* iTunesSearchAPIRx */,
				80E7170E2AFB5818001AFC24 /* Products */,
			);
			sourceTree = "<group>";
		};
		80E7170E2AFB5818001AFC24 /* Products */ = {
			isa = PBXGroup;
			children = (
				80E7170D2AFB5818001AFC24 /* iTunesSearchAPIRx.app */,
			);
			name = Products;
			sourceTree = "<group>";
		};
		80E7170F2AFB5818001AFC24 /* iTunesSearchAPIRx */ = {
			isa = PBXGroup;
			children = (
				80E717102AFB5818001AFC24 /* AppDelegate.swift */,
				80E717122AFB5818001AFC24 /* SceneDelegate.swift */,
				806B7EE42AFB62750096AD19 /* Network */,
				806B7EE32AFB62670096AD19 /* ViewControllers */,
				806B7EE22AFB625C0096AD19 /* ViewModels */,
				80E717192AFB5819001AFC24 /* Assets.xcassets */,
				80E7171B2AFB5819001AFC24 /* LaunchScreen.storyboard */,
				80E7171E2AFB5819001AFC24 /* Info.plist */,
			);
			path = iTunesSearchAPIRx;
			sourceTree = "<group>";
		};
/* End PBXGroup section */

/* Begin PBXNativeTarget section */
		80E7170C2AFB5818001AFC24 /* iTunesSearchAPIRx */ = {
			isa = PBXNativeTarget;
			buildConfigurationList = 80E717212AFB5819001AFC24 /* Build configuration list for PBXNativeTarget "iTunesSearchAPIRx" */;
			buildPhases = (
				80E717092AFB5818001AFC24 /* Sources */,
				80E7170A2AFB5818001AFC24 /* Frameworks */,
				80E7170B2AFB5818001AFC24 /* Resources */,
			);
			buildRules = (
			);
			dependencies = (
			);
			name = iTunesSearchAPIRx;
			packageProductDependencies = (
				806B7EE82AFB63370096AD19 /* RxCocoa */,
				806B7EEA2AFB63370096AD19 /* RxSwift */,
				806B7EED2AFB63610096AD19 /* SnapKit */,
				806B7EF02AFB63F20096AD19 /* Differentiator */,
				806B7EF22AFB63F20096AD19 /* RxDataSources */,
			);
			productName = iTunesSearchAPIRx;
			productReference = 80E7170D2AFB5818001AFC24 /* iTunesSearchAPIRx.app */;
			productType = "com.apple.product-type.application";
		};
/* End PBXNativeTarget section */

/* Begin PBXProject section */
		80E717052AFB5818001AFC24 /* Project object */ = {
			isa = PBXProject;
			attributes = {
				BuildIndependentTargetsInParallel = 1;
				LastSwiftUpdateCheck = 1500;
				LastUpgradeCheck = 1500;
				TargetAttributes = {
					80E7170C2AFB5818001AFC24 = {
						CreatedOnToolsVersion = 15.0.1;
					};
				};
			};
			buildConfigurationList = 80E717082AFB5818001AFC24 /* Build configuration list for PBXProject "iTunesSearchAPIRx" */;
			compatibilityVersion = "Xcode 14.0";
			developmentRegion = en;
			hasScannedForEncodings = 0;
			knownRegions = (
				en,
				Base,
			);
			mainGroup = 80E717042AFB5818001AFC24;
			packageReferences = (
				806B7EE72AFB63370096AD19 /* XCRemoteSwiftPackageReference "RxSwift" */,
				806B7EEC2AFB63610096AD19 /* XCRemoteSwiftPackageReference "SnapKit" */,
				806B7EEF2AFB63F20096AD19 /* XCRemoteSwiftPackageReference "RxDataSources" */,
			);
			productRefGroup = 80E7170E2AFB5818001AFC24 /* Products */;
			projectDirPath = "";
			projectRoot = "";
			targets = (
				80E7170C2AFB5818001AFC24 /* iTunesSearchAPIRx */,
			);
		};
/* End PBXProject section */

/* Begin PBXResourcesBuildPhase section */
		80E7170B2AFB5818001AFC24 /* Resources */ = {
			isa = PBXResourcesBuildPhase;
			buildActionMask = 2147483647;
			files = (
				80E7171D2AFB5819001AFC24 /* LaunchScreen.storyboard in Resources */,
				80E7171A2AFB5819001AFC24 /* Assets.xcassets in Resources */,
			);
			runOnlyForDeploymentPostprocessing = 0;
		};
/* End PBXResourcesBuildPhase section */

/* Begin PBXSourcesBuildPhase section */
		80E717092AFB5818001AFC24 /* Sources */ = {
			isa = PBXSourcesBuildPhase;
			buildActionMask = 2147483647;
			files = (
				80E717152AFB5818001AFC24 /* SearchViewController.swift in Sources */,
				80E717112AFB5818001AFC24 /* AppDelegate.swift in Sources */,
				806B7EE62AFB62B00096AD19 /* APIManager.swift in Sources */,
				806B7EE12AFB624D0096AD19 /* SearchViewModel.swift in Sources */,
				80E717132AFB5818001AFC24 /* SceneDelegate.swift in Sources */,
			);
			runOnlyForDeploymentPostprocessing = 0;
		};
/* End PBXSourcesBuildPhase section */

/* Begin PBXVariantGroup section */
		80E7171B2AFB5819001AFC24 /* LaunchScreen.storyboard */ = {
			isa = PBXVariantGroup;
			children = (
				80E7171C2AFB5819001AFC24 /* Base */,
			);
			name = LaunchScreen.storyboard;
			sourceTree = "<group>";
		};
/* End PBXVariantGroup section */

/* Begin XCBuildConfiguration section */
		80E7171F2AFB5819001AFC24 /* Debug */ = {
			isa = XCBuildConfiguration;
			buildSettings = {
				ALWAYS_SEARCH_USER_PATHS = NO;
				ASSETCATALOG_COMPILER_GENERATE_SWIFT_ASSET_SYMBOL_EXTENSIONS = YES;
				CLANG_ANALYZER_NONNULL = YES;
				CLANG_ANALYZER_NUMBER_OBJECT_CONVERSION = YES_AGGRESSIVE;
				CLANG_CXX_LANGUAGE_STANDARD = "gnu++20";
				CLANG_ENABLE_MODULES = YES;
				CLANG_ENABLE_OBJC_ARC = YES;
				CLANG_ENABLE_OBJC_WEAK = YES;
				CLANG_WARN_BLOCK_CAPTURE_AUTORELEASING = YES;
				CLANG_WARN_BOOL_CONVERSION = YES;
				CLANG_WARN_COMMA = YES;
				CLANG_WARN_CONSTANT_CONVERSION = YES;
				CLANG_WARN_DEPRECATED_OBJC_IMPLEMENTATIONS = YES;
				CLANG_WARN_DIRECT_OBJC_ISA_USAGE = YES_ERROR;
				CLANG_WARN_DOCUMENTATION_COMMENTS = YES;
				CLANG_WARN_EMPTY_BODY = YES;
				CLANG_WARN_ENUM_CONVERSION = YES;
				CLANG_WARN_INFINITE_RECURSION = YES;
				CLANG_WARN_INT_CONVERSION = YES;
				CLANG_WARN_NON_LITERAL_NULL_CONVERSION = YES;
				CLANG_WARN_OBJC_IMPLICIT_RETAIN_SELF = YES;
				CLANG_WARN_OBJC_LITERAL_CONVERSION = YES;
				CLANG_WARN_OBJC_ROOT_CLASS = YES_ERROR;
				CLANG_WARN_QUOTED_INCLUDE_IN_FRAMEWORK_HEADER = YES;
				CLANG_WARN_RANGE_LOOP_ANALYSIS = YES;
				CLANG_WARN_STRICT_PROTOTYPES = YES;
				CLANG_WARN_SUSPICIOUS_MOVE = YES;
				CLANG_WARN_UNGUARDED_AVAILABILITY = YES_AGGRESSIVE;
				CLANG_WARN_UNREACHABLE_CODE = YES;
				CLANG_WARN__DUPLICATE_METHOD_MATCH = YES;
				COPY_PHASE_STRIP = NO;
				DEBUG_INFORMATION_FORMAT = dwarf;
				ENABLE_STRICT_OBJC_MSGSEND = YES;
				ENABLE_TESTABILITY = YES;
				ENABLE_USER_SCRIPT_SANDBOXING = YES;
				GCC_C_LANGUAGE_STANDARD = gnu17;
				GCC_DYNAMIC_NO_PIC = NO;
				GCC_NO_COMMON_BLOCKS = YES;
				GCC_OPTIMIZATION_LEVEL = 0;
				GCC_PREPROCESSOR_DEFINITIONS = (
					"DEBUG=1",
					"$(inherited)",
				);
				GCC_WARN_64_TO_32_BIT_CONVERSION = YES;
				GCC_WARN_ABOUT_RETURN_TYPE = YES_ERROR;
				GCC_WARN_UNDECLARED_SELECTOR = YES;
				GCC_WARN_UNINITIALIZED_AUTOS = YES_AGGRESSIVE;
				GCC_WARN_UNUSED_FUNCTION = YES;
				GCC_WARN_UNUSED_VARIABLE = YES;
				IPHONEOS_DEPLOYMENT_TARGET = 17.0;
				LOCALIZATION_PREFERS_STRING_CATALOGS = YES;
				MTL_ENABLE_DEBUG_INFO = INCLUDE_SOURCE;
				MTL_FAST_MATH = YES;
				ONLY_ACTIVE_ARCH = YES;
				SDKROOT = iphoneos;
				SWIFT_ACTIVE_COMPILATION_CONDITIONS = "DEBUG $(inherited)";
				SWIFT_OPTIMIZATION_LEVEL = "-Onone";
			};
			name = Debug;
		};
		80E717202AFB5819001AFC24 /* Release */ = {
			isa = XCBuildConfiguration;
			buildSettings = {
				ALWAYS_SEARCH_USER_PATHS = NO;
				ASSETCATALOG_COMPILER_GENERATE_SWIFT_ASSET_SYMBOL_EXTENSIONS = YES;
				CLANG_ANALYZER_NONNULL = YES;
				CLANG_ANALYZER_NUMBER_OBJECT_CONVERSION = YES_AGGRESSIVE;
				CLANG_CXX_LANGUAGE_STANDARD = "gnu++20";
				CLANG_ENABLE_MODULES = YES;
				CLANG_ENABLE_OBJC_ARC = YES;
				CLANG_ENABLE_OBJC_WEAK = YES;
				CLANG_WARN_BLOCK_CAPTURE_AUTORELEASING = YES;
				CLANG_WARN_BOOL_CONVERSION = YES;
				CLANG_WARN_COMMA = YES;
				CLANG_WARN_CONSTANT_CONVERSION = YES;
				CLANG_WARN_DEPRECATED_OBJC_IMPLEMENTATIONS = YES;
				CLANG_WARN_DIRECT_OBJC_ISA_USAGE = YES_ERROR;
				CLANG_WARN_DOCUMENTATION_COMMENTS = YES;
				CLANG_WARN_EMPTY_BODY = YES;
				CLANG_WARN_ENUM_CONVERSION = YES;
				CLANG_WARN_INFINITE_RECURSION = YES;
				CLANG_WARN_INT_CONVERSION = YES;
				CLANG_WARN_NON_LITERAL_NULL_CONVERSION = YES;
				CLANG_WARN_OBJC_IMPLICIT_RETAIN_SELF = YES;
				CLANG_WARN_OBJC_LITERAL_CONVERSION = YES;
				CLANG_WARN_OBJC_ROOT_CLASS = YES_ERROR;
				CLANG_WARN_QUOTED_INCLUDE_IN_FRAMEWORK_HEADER = YES;
				CLANG_WARN_RANGE_LOOP_ANALYSIS = YES;
				CLANG_WARN_STRICT_PROTOTYPES = YES;
				CLANG_WARN_SUSPICIOUS_MOVE = YES;
				CLANG_WARN_UNGUARDED_AVAILABILITY = YES_AGGRESSIVE;
				CLANG_WARN_UNREACHABLE_CODE = YES;
				CLANG_WARN__DUPLICATE_METHOD_MATCH = YES;
				COPY_PHASE_STRIP = NO;
				DEBUG_INFORMATION_FORMAT = "dwarf-with-dsym";
				ENABLE_NS_ASSERTIONS = NO;
				ENABLE_STRICT_OBJC_MSGSEND = YES;
				ENABLE_USER_SCRIPT_SANDBOXING = YES;
				GCC_C_LANGUAGE_STANDARD = gnu17;
				GCC_NO_COMMON_BLOCKS = YES;
				GCC_WARN_64_TO_32_BIT_CONVERSION = YES;
				GCC_WARN_ABOUT_RETURN_TYPE = YES_ERROR;
				GCC_WARN_UNDECLARED_SELECTOR = YES;
				GCC_WARN_UNINITIALIZED_AUTOS = YES_AGGRESSIVE;
				GCC_WARN_UNUSED_FUNCTION = YES;
				GCC_WARN_UNUSED_VARIABLE = YES;
				IPHONEOS_DEPLOYMENT_TARGET = 17.0;
				LOCALIZATION_PREFERS_STRING_CATALOGS = YES;
				MTL_ENABLE_DEBUG_INFO = NO;
				MTL_FAST_MATH = YES;
				SDKROOT = iphoneos;
				SWIFT_COMPILATION_MODE = wholemodule;
				VALIDATE_PRODUCT = YES;
			};
			name = Release;
		};
		80E717222AFB5819001AFC24 /* Debug */ = {
			isa = XCBuildConfiguration;
			buildSettings = {
				ASSETCATALOG_COMPILER_APPICON_NAME = AppIcon;
				ASSETCATALOG_COMPILER_GLOBAL_ACCENT_COLOR_NAME = AccentColor;
				CODE_SIGN_STYLE = Automatic;
				CURRENT_PROJECT_VERSION = 1;
				DEVELOPMENT_TEAM = PUJ68C53FY;
				GENERATE_INFOPLIST_FILE = YES;
				INFOPLIST_FILE = iTunesSearchAPIRx/Info.plist;
				INFOPLIST_KEY_UIApplicationSupportsIndirectInputEvents = YES;
				INFOPLIST_KEY_UILaunchStoryboardName = LaunchScreen;
				INFOPLIST_KEY_UISupportedInterfaceOrientations_iPad = "UIInterfaceOrientationPortrait UIInterfaceOrientationPortraitUpsideDown UIInterfaceOrientationLandscapeLeft UIInterfaceOrientationLandscapeRight";
				INFOPLIST_KEY_UISupportedInterfaceOrientations_iPhone = "UIInterfaceOrientationPortrait UIInterfaceOrientationLandscapeLeft UIInterfaceOrientationLandscapeRight";
				LD_RUNPATH_SEARCH_PATHS = (
					"$(inherited)",
					"@executable_path/Frameworks",
				);
				MARKETING_VERSION = 1.0;
				PRODUCT_BUNDLE_IDENTIFIER = com.Han.iTunesSearchAPIRx;
				PRODUCT_NAME = "$(TARGET_NAME)";
				SUPPORTED_PLATFORMS = "iphoneos iphonesimulator";
				SUPPORTS_MACCATALYST = NO;
				SUPPORTS_MAC_DESIGNED_FOR_IPHONE_IPAD = NO;
				SWIFT_EMIT_LOC_STRINGS = YES;
				SWIFT_VERSION = 5.0;
				TARGETED_DEVICE_FAMILY = 1;
			};
			name = Debug;
		};
		80E717232AFB5819001AFC24 /* Release */ = {
			isa = XCBuildConfiguration;
			buildSettings = {
				ASSETCATALOG_COMPILER_APPICON_NAME = AppIcon;
				ASSETCATALOG_COMPILER_GLOBAL_ACCENT_COLOR_NAME = AccentColor;
				CODE_SIGN_STYLE = Automatic;
				CURRENT_PROJECT_VERSION = 1;
				DEVELOPMENT_TEAM = PUJ68C53FY;
				GENERATE_INFOPLIST_FILE = YES;
				INFOPLIST_FILE = iTunesSearchAPIRx/Info.plist;
				INFOPLIST_KEY_UIApplicationSupportsIndirectInputEvents = YES;
				INFOPLIST_KEY_UILaunchStoryboardName = LaunchScreen;
				INFOPLIST_KEY_UISupportedInterfaceOrientations_iPad = "UIInterfaceOrientationPortrait UIInterfaceOrientationPortraitUpsideDown UIInterfaceOrientationLandscapeLeft UIInterfaceOrientationLandscapeRight";
				INFOPLIST_KEY_UISupportedInterfaceOrientations_iPhone = "UIInterfaceOrientationPortrait UIInterfaceOrientationLandscapeLeft UIInterfaceOrientationLandscapeRight";
				LD_RUNPATH_SEARCH_PATHS = (
					"$(inherited)",
					"@executable_path/Frameworks",
				);
				MARKETING_VERSION = 1.0;
				PRODUCT_BUNDLE_IDENTIFIER = com.Han.iTunesSearchAPIRx;
				PRODUCT_NAME = "$(TARGET_NAME)";
				SUPPORTED_PLATFORMS = "iphoneos iphonesimulator";
				SUPPORTS_MACCATALYST = NO;
				SUPPORTS_MAC_DESIGNED_FOR_IPHONE_IPAD = NO;
				SWIFT_EMIT_LOC_STRINGS = YES;
				SWIFT_VERSION = 5.0;
				TARGETED_DEVICE_FAMILY = 1;
			};
			name = Release;
		};
/* End XCBuildConfiguration section */

/* Begin XCConfigurationList section */
		80E717082AFB5818001AFC24 /* Build configuration list for PBXProject "iTunesSearchAPIRx" */ = {
			isa = XCConfigurationList;
			buildConfigurations = (
				80E7171F2AFB5819001AFC24 /* Debug */,
				80E717202AFB5819001AFC24 /* Release */,
			);
			defaultConfigurationIsVisible = 0;
			defaultConfigurationName = Release;
		};
		80E717212AFB5819001AFC24 /* Build configuration list for PBXNativeTarget "iTunesSearchAPIRx" */ = {
			isa = XCConfigurationList;
			buildConfigurations = (
				80E717222AFB5819001AFC24 /* Debug */,
				80E717232AFB5819001AFC24 /* Release */,
			);
			defaultConfigurationIsVisible = 0;
			defaultConfigurationName = Release;
		};
/* End XCConfigurationList section */

/* Begin XCRemoteSwiftPackageReference section */
		806B7EE72AFB63370096AD19 /* XCRemoteSwiftPackageReference "RxSwift" */ = {
			isa = XCRemoteSwiftPackageReference;
			repositoryURL = "https://github.com/ReactiveX/RxSwift.git";
			requirement = {
				kind = upToNextMajorVersion;
				minimumVersion = 6.6.0;
			};
		};
		806B7EEC2AFB63610096AD19 /* XCRemoteSwiftPackageReference "SnapKit" */ = {
			isa = XCRemoteSwiftPackageReference;
			repositoryURL = "https://github.com/SnapKit/SnapKit.git";
			requirement = {
				kind = upToNextMajorVersion;
				minimumVersion = 5.6.0;
			};
		};
		806B7EEF2AFB63F20096AD19 /* XCRemoteSwiftPackageReference "RxDataSources" */ = {
			isa = XCRemoteSwiftPackageReference;
			repositoryURL = "https://github.com/RxSwiftCommunity/RxDataSources.git";
			requirement = {
				kind = upToNextMajorVersion;
				minimumVersion = 5.0.2;
			};
		};
/* End XCRemoteSwiftPackageReference section */

/* Begin XCSwiftPackageProductDependency section */
		806B7EE82AFB63370096AD19 /* RxCocoa */ = {
			isa = XCSwiftPackageProductDependency;
			package = 806B7EE72AFB63370096AD19 /* XCRemoteSwiftPackageReference "RxSwift" */;
			productName = RxCocoa;
		};
		806B7EEA2AFB63370096AD19 /* RxSwift */ = {
			isa = XCSwiftPackageProductDependency;
			package = 806B7EE72AFB63370096AD19 /* XCRemoteSwiftPackageReference "RxSwift" */;
			productName = RxSwift;
		};
		806B7EED2AFB63610096AD19 /* SnapKit */ = {
			isa = XCSwiftPackageProductDependency;
			package = 806B7EEC2AFB63610096AD19 /* XCRemoteSwiftPackageReference "SnapKit" */;
			productName = SnapKit;
		};
		806B7EF02AFB63F20096AD19 /* Differentiator */ = {
			isa = XCSwiftPackageProductDependency;
			package = 806B7EEF2AFB63F20096AD19 /* XCRemoteSwiftPackageReference "RxDataSources" */;
			productName = Differentiator;
		};
		806B7EF22AFB63F20096AD19 /* RxDataSources */ = {
			isa = XCSwiftPackageProductDependency;
			package = 806B7EEF2AFB63F20096AD19 /* XCRemoteSwiftPackageReference "RxDataSources" */;
			productName = RxDataSources;
		};
/* End XCSwiftPackageProductDependency section */
	};
	rootObject = 80E717052AFB5818001AFC24 /* Project object */;
}
